# THIS IS AN AUTOGENERATED FILE. DO NOT EDIT THIS FILE DIRECTLY.
assets/_typography.scss.liquid:
  development: 2018-02-09T23:38:28+01:00   30b4514d77864354284148d2646147be
assets/GTAmericaCondensedLight.otf:
  development: 2018-02-13T20:47:31+01:00   bf8acd66541f4d6222765ff7ebc4349a
assets/GTAmericaCondensedLightItalic.otf:
  development: 2018-02-13T20:47:23+01:00   e39eb9e96ed053a51df22b50e81a535e
assets/GTAmericaCondensedMediumItalic.otf:
  development: 2018-02-13T20:47:44+01:00   ece60ba8f9ed6d9472206f64b8c5daf8
assets/GTAmericaExtendedLight.otf:
  development: 2018-08-16T11:58:32+02:00   26627b96957248c742e55e9d767cb4d1
assets/GTAmericaExtendedLightItalic.otf:
  development: 2018-02-13T20:48:17+01:00   6ae1794a817b170bee36ed97f2c4e5d3
assets/GTAmericaLight.otf:
  development: 2018-02-13T20:48:24+01:00   f98142661501deccc7cfa750376d7aca
assets/GTAmericaLightItalic.otf:
  development: 2018-02-13T20:48:25+01:00   262fcdb9c7325ed49cd9eb8e0f1cb655
assets/GTAmericaMonoLight.otf:
  development: 2018-02-13T19:06:11+01:00   9607e5f703509bfca9a37ccfbd3b5e4f
assets/GTAmericaMonoLightItalic.otf:
  development: 2018-02-13T20:45:17+01:00   308c145e3a9bf64667984cf04338c69c
assets/ajax-loader.gif:
  development: 2018-01-19T22:28:15+01:00   deca8b0ecd6974227d157b6d7068995d
assets/button-arrow-2x.png:
  development: 2018-01-19T22:28:16+01:00   e39b20b165bf07cda65446160ebec9fa
assets/button-arrow.png:
  development: 2018-01-19T22:28:16+01:00   2faabaa09e6b6ee34de84833ed0a7136
assets/gift-card.scss.liquid:
  development: 2018-01-19T22:28:16+01:00   5c9599e5b94dac5e9c56a82806d0ebf4
assets/ico-select-footer.svg.liquid:
  development: 2018-01-19T22:28:16+01:00   f1901c43330e96b148d18edee34b86f4
assets/ico-select-menu.svg.liquid:
  development: 2018-01-19T22:28:16+01:00   a7c50c0405fbdd5c91417755dd9620ae
assets/ico-select-white.svg.liquid:
  development: 2018-01-19T22:28:16+01:00   cfabbaca81a79862e5bd42bd289432cb
assets/ico-select.svg.liquid:
  development: 2018-01-19T22:28:16+01:00   b07de48ba096abcb1b5dc5fc6c34ba91
assets/jquery.currencies.min.js:
  development: 2018-01-27T22:30:07+01:00   58847f5cea035bb91a9d262ef4b4438f
assets/match-media.min.js:
  development: 2018-01-19T22:28:17+01:00   9e431a1a6b7a8c12af2cef5c2a1ce14f
assets/password-page-background.jpg:
  development: 2018-02-12T21:29:18+01:00   f3c78987d813643a88b9db31368f32a3
assets/password.js.liquid:
  development: 2018-01-19T22:28:17+01:00   94c814c3f52e94ead5b9b98919b7a5be
assets/scalable-font.css:
  development: 2018-02-13T18:40:12+01:00   de383ed52b5331f4fe38c83754945324
assets/theme.css:
  development: 2018-08-16T19:12:54+02:00
assets/theme.js.liquid:
  development: 2018-02-10T22:07:34+01:00   a58dff94213e5b3b8d964175c33dede7
assets/theme.scss.liquid:
  development: 2018-08-16T20:41:24+02:00   fff26ef7e9af6ee4b6e60742f9406a4b
assets/vendor.js:
  development: 2018-01-19T22:28:18+01:00   511242e6814969ce6031a1fa47beeb2f
config/settings_data.json:
  development: 2018-08-15T22:18:24+02:00   86e38cf7ee344b4468aeb7bf0435a769
config/settings_schema.json:
  development: 2018-01-27T22:30:03+01:00   13d9d45e556747fcf0e9ead6c1e1788f
layout/gift_card.liquid:
  development: 2018-01-19T22:28:18+01:00   73696a15c1489cce584e2688921f729a
layout/password.liquid:
  development: 2018-01-19T22:28:18+01:00   4526eb9f59aa1599547c3fa836e223b3
layout/theme.liquid:
  development: 2018-08-16T19:12:27+02:00   97eb205b5d7f87877d6d3c8a6248b9c0
locales/de.json:
  development: 2018-01-27T22:29:58+01:00   7108cb84199c2b1e6bbe4a08187e6b91
locales/en.default.json:
  development: 2018-01-27T22:30:32+01:00   ce14b9f285331a7d812e28ba43468161
locales/es.json:
  development: 2018-01-27T22:29:42+01:00   44337bf3058207d620e5a8e981bad476
locales/fr.json:
  development: 2018-01-27T22:29:55+01:00   b30921a3a7f4ba1dc4820ccfb5e74c49
locales/pt-BR.json:
  development: 2018-01-27T22:29:45+01:00   ea56364003b9b5ac636376548c0746da
locales/pt-PT.json:
  development: 2018-01-27T22:30:23+01:00   aa0c0a697673d8ae2c615d241c365d46
sections/advanced-content.liquid:
  development: 2018-01-19T22:28:13+01:00   4e28a5ce02bd7b594dceb34668bdbe02
sections/article-template.liquid:
  development: 2018-01-19T22:28:13+01:00   dd2285ebfa9754fd79e7cfaa0fc583ec
sections/background-image-text.liquid:
  development: 2018-01-19T22:28:13+01:00   13454ba9b014c3bf5b38ebeac6831b63
sections/background-video-text.liquid:
  development: 2018-01-19T22:28:13+01:00   8f1529ffca59253efc8c2b7d146ce426
sections/blog-posts.liquid:
  development: 2018-01-19T22:28:14+01:00   c91f068a9fe18c7387f7ba0792640b11
sections/blog-template.liquid:
  development: 2018-01-19T22:28:14+01:00   102c37f5400105dec2bb947162169135
sections/collection-callout.liquid:
  development: 2018-01-19T22:28:14+01:00   e35bdacfd76b5ce854cc1f112eb710a7
sections/collection-template.liquid:
  development: 2018-01-19T22:28:14+01:00   4d7566d08e36636201e56ab71da1f889
sections/fading-images.liquid:
  development: 2018-01-19T22:28:14+01:00   c4d3c128acf7c8ebbd0794f68c12b959
sections/featured-collection.liquid:
  development: 2018-01-19T22:28:14+01:00   164a0058850f6d880c622883d472c655
sections/featured-collections.liquid:
  development: 2018-01-19T22:28:14+01:00   717973f2e2415857756bdf1fc63bd06f
sections/featured-content.liquid:
  development: 2018-01-19T22:28:14+01:00   f9a6dd52e057297113ba4d64937b5b9f
sections/featured-product.liquid:
  development: 2018-01-19T22:28:14+01:00   b9e4ab455ed1558f316d88d03b286dda
sections/featured-video.liquid:
  development: 2018-01-19T22:28:14+01:00   40cd81702fd2ed95a2ceb2b62e76f2f7
sections/footer.liquid:
  development: 2018-01-19T22:28:14+01:00   5c39ab03c994ebd408188a7a3aecc688
sections/header.liquid:
  development: 2018-01-23T17:48:07+01:00   0369458f7b43efdbc4294ebededf8c29
sections/hero-video.liquid:
  development: 2018-01-29T22:15:52+01:00   2c5f8c6378be57ffd4429ca76b0689f8
sections/instagram.liquid:
  development: 2018-01-19T22:28:14+01:00   1877c1ed97498659ba5e4cb0fa8af183
sections/list-collections-template.liquid:
  development: 2018-01-19T22:28:14+01:00   7c491b8c9e85770f2afa5c37c8fbb7e4
sections/logo-list.liquid:
  development: 2018-01-19T22:28:14+01:00   dbbaed0335de70ecab3d91722375d670
sections/map.liquid:
  development: 2018-01-27T22:30:28+01:00   cc69565d7163cc75e006708508e9e8d7
sections/newsletter-popup.liquid:
  development: 2018-01-19T22:28:14+01:00   527208d2404ee14e7bf5f8d25a5b3405
sections/password-content.liquid:
  development: 2018-01-19T22:28:14+01:00   56d607fbf8319e5e45f49e5f494217e0
sections/password-header.liquid:
  development: 2018-01-19T22:28:14+01:00   8d79fe0601316e5da7061bcf852d71d4
sections/product-template.liquid:
  development: 2018-01-19T22:28:15+01:00   21754de382776df7c7b84df19357efa8
sections/slideshow.liquid:
  development: 2018-01-19T22:28:15+01:00   09b2e1226b3713fdc15734cb6073034b
sections/testimonials.liquid:
  development: 2018-01-27T22:29:43+01:00   e77ac4950777eafbda42cba1dd1941a7
sections/text-and-image.liquid:
  development: 2018-01-19T22:28:15+01:00   91800dbf921dc536ccfa9b726f2535a0
sections/text-columns.liquid:
  development: 2018-01-19T22:28:15+01:00   cab96e35a098e56282647037b6ea5843
snippets/ajax-cart-template.liquid:
  development: 2018-01-19T22:28:18+01:00   4067661b44e36364014c595927283762
snippets/announcement-bar.liquid:
  development: 2018-01-19T22:28:19+01:00   663d96e54eba7a07cc01c00402faa706
snippets/breadcrumbs.liquid:
  development: 2018-01-19T22:28:19+01:00   02f835509a961db81abed623b8c83615
snippets/cart-drawer.liquid:
  development: 2018-01-19T22:28:19+01:00   224fcc3b56262903fda18c41da60ccda
snippets/collapsible-icons-alt.liquid:
  development: 2018-01-19T22:28:19+01:00   cef5f132ffc443e4811fcd9e5644f4c5
snippets/collapsible-icons.liquid:
  development: 2018-01-19T22:28:19+01:00   a3101bf1a8083ff502fb760a3a0d3d51
snippets/collection-grid-item.liquid:
  development: 2018-01-19T22:28:19+01:00   cb8808a7aa9dd4c9c7f93f201f19db7d
snippets/comment.liquid:
  development: 2018-01-19T22:28:19+01:00   3230448181b593dc521fad63706428f1
snippets/currency-picker.liquid:
  development: 2018-01-19T22:28:19+01:00   47b26f931e86d777cda3583620729efd
snippets/defer-script.liquid:
  development: 2018-01-19T22:28:19+01:00   7d4c35f569f009259ebe48ccf90d00db
snippets/defer-shopify-script.liquid:
  development: 2018-01-19T22:28:19+01:00   bc845da675009341f91a77466f3e1777
snippets/drawer-menu.liquid:
  development: 2018-01-23T17:48:06+01:00   d0b35a7f5ada991510f3a5130c0f4917
snippets/filter-out-custom-tags.liquid:
  development: 2018-01-19T22:28:19+01:00   219e93e950c02691bffcaa8f4cf71caa
snippets/footer-custom-text.liquid:
  development: 2018-01-19T22:28:19+01:00   186a628bbef86511b37d981b1f770e04
snippets/footer-logo-social.liquid:
  development: 2018-01-23T17:48:06+01:00   592917b6b31f26565be6a7c3528572f4
snippets/footer-menu.liquid:
  development: 2018-01-19T22:28:19+01:00   0f951852cc075c10a3c0312788366b9d
snippets/footer-newsletter.liquid:
  development: 2018-01-19T22:28:19+01:00   07e8c0a261f35d4f1eb2d9876a38bc26
snippets/google-fonts.liquid:
  development: 2018-01-19T22:28:19+01:00   398cc04a02f2b2b33731966c325bc429
snippets/header-desktop-nav.liquid:
  development: 2018-01-23T17:48:06+01:00   2bf00488507a359c17c8288410238eb5
snippets/header-logo-block.liquid:
  development: 2018-01-19T22:28:19+01:00   6789b367587f02520a7d140114bac99b
snippets/icon-amazon_payments.liquid:
  development: 2018-01-19T22:28:19+01:00   ec8359cdda389706cc36ae917892d93f
snippets/icon-american_express.liquid:
  development: 2018-01-19T22:28:19+01:00   9da829decce6867b8de60a183c94d099
snippets/icon-apple_pay.liquid:
  development: 2018-01-19T22:28:19+01:00   4d55ffd55e87d4c177c3ec3b37dbc6a8
snippets/icon-arrow-left.liquid:
  development: 2018-01-19T22:28:19+01:00   568a2d2c9149c9ff3619f53db6cd08d9
snippets/icon-arrow-right.liquid:
  development: 2018-01-19T22:28:19+01:00   6d89fd237af2a2193e8594e09bb5fb54
snippets/icon-bitcoin.liquid:
  development: 2018-01-19T22:28:19+01:00   d8cb31e0401818c1cb852348b6f27420
snippets/icon-cart.liquid:
  development: 2018-01-19T22:28:20+01:00   5bdeffb254e0cb7108c4110858e24fa6
snippets/icon-chevron-down.liquid:
  development: 2018-01-19T22:28:20+01:00   dddcaf09af37d68585c346cb84910232
snippets/icon-chevron-left.liquid:
  development: 2018-01-19T22:28:20+01:00   9da0affacc708ec8785d0b4666fc3daf
snippets/icon-chevron-right.liquid:
  development: 2018-01-19T22:28:20+01:00   d20228883052bae2851aa599a0fb0f31
snippets/icon-cirrus.liquid:
  development: 2018-01-19T22:28:20+01:00   fcbd6ce7e38d7946c921c8ed6ad5ca71
snippets/icon-close.liquid:
  development: 2018-01-19T22:28:20+01:00   749d40800823a173134dce409b6d041a
snippets/icon-dankort.liquid:
  development: 2018-01-19T22:28:20+01:00   796e1e822b3e46784d303b48c9db5b29
snippets/icon-diners_club.liquid:
  development: 2018-01-19T22:28:20+01:00   cf70ea54486bb14c286264f90dab9ff8
snippets/icon-discover.liquid:
  development: 2018-01-19T22:28:20+01:00   b43221b39bc3df37f7e6c7810d3e54d8
snippets/icon-dogecoin.liquid:
  development: 2018-01-19T22:28:20+01:00   6a35f5db9eb93d1ed563c6989ff30798
snippets/icon-dwolla.liquid:
  development: 2018-01-19T22:28:20+01:00   2bd80cddbb78629f9dec73168f587298
snippets/icon-email.liquid:
  development: 2018-01-19T22:28:20+01:00   328661676916832787472daa9b6d817b
snippets/icon-facebook.liquid:
  development: 2018-01-19T22:28:20+01:00   1479173154ba861120c94c20d6b4ea3e
snippets/icon-forbrugsforeningen.liquid:
  development: 2018-01-19T22:28:20+01:00   6a48ed1b2c0e4b2a4bacb3524df09b18
snippets/icon-hamburger.liquid:
  development: 2018-01-19T22:28:20+01:00   12e221c60a621722495db7283ea06b86
snippets/icon-instagram.liquid:
  development: 2018-01-19T22:28:20+01:00   97a95be1db5b2cc487972c06841d049d
snippets/icon-interac.liquid:
  development: 2018-01-19T22:28:20+01:00   24c4d22a98c0574c32fc02fe39e34b80
snippets/icon-jcb.liquid:
  development: 2018-01-19T22:28:20+01:00   275259ce80a1b368d0e5afcf7d6bb6f3
snippets/icon-laser.liquid:
  development: 2018-01-19T22:28:20+01:00   bd1a0ecfe958b6a6e84bf80e0669a6da
snippets/icon-linkedin.liquid:
  development: 2018-01-23T17:48:06+01:00   798f5787180439928a7a9409315ba1e4
snippets/icon-litecoin.liquid:
  development: 2018-01-19T22:28:20+01:00   2f4f215e78256d573b56840626336087
snippets/icon-lock.liquid:
  development: 2018-01-19T22:28:20+01:00   60ae7ba03d14efa582faed8855821a58
snippets/icon-login.liquid:
  development: 2018-01-19T22:28:20+01:00   9a74bdaac402576390ca1dbdc9e7869c
snippets/icon-maestro.liquid:
  development: 2018-01-19T22:28:20+01:00   b987e558ecad607661489939ec8ca524
snippets/icon-master.liquid:
  development: 2018-01-19T22:28:21+01:00   dc0c319717a4f1d33d5f696e08bab20d
snippets/icon-minus.liquid:
  development: 2018-01-19T22:28:21+01:00   78c513424d498299e865f8a242823ad0
snippets/icon-pause.liquid:
  development: 2018-01-19T22:28:21+01:00   99e785a63af3ab0a7ccd9c5551ea8910
snippets/icon-paypal.liquid:
  development: 2018-01-19T22:28:21+01:00   1b0d7db160b229b8519cccf2514ee676
snippets/icon-pinterest.liquid:
  development: 2018-01-19T22:28:21+01:00   2cdea2077b7acbc29f3313a2c16c4739
snippets/icon-play-video.liquid:
  development: 2018-01-19T22:28:21+01:00   f0b736a271f33b83b319b2d04e61aa2b
snippets/icon-play.liquid:
  development: 2018-01-19T22:28:21+01:00   6df9e1748413e4aab489ef26680d6358
snippets/icon-plus.liquid:
  development: 2018-01-19T22:28:21+01:00   ba5297f64eb7ea97f1785e8166e11231
snippets/icon-quote.liquid:
  development: 2018-01-19T22:28:21+01:00   e710949f7a142dfc3c4fac15c33bb2fa
snippets/icon-rss.liquid:
  development: 2018-01-19T22:28:21+01:00   6493d6bcb850513a55823d4ff62b0f8b
snippets/icon-search.liquid:
  development: 2018-01-19T22:28:21+01:00   dc926e69bad97896a0240a6ef2cfed62
snippets/icon-shopify-logo.liquid:
  development: 2018-01-19T22:28:21+01:00   3f0b70f9e01be5b25507d25a732ecde7
snippets/icon-snapchat.liquid:
  development: 2018-01-19T22:28:21+01:00   9ed6937e3232c9034976be2b8ed9f673
snippets/icon-stripe.liquid:
  development: 2018-01-19T22:28:21+01:00   208713954dff9de98f800df59763615d
snippets/icon-tumblr.liquid:
  development: 2018-01-19T22:28:21+01:00   95b170823ba66888266df40855dcf6ca
snippets/icon-twitter.liquid:
  development: 2018-01-19T22:28:21+01:00   f69cefa691248b1d5f59b1cd3671b406
snippets/icon-user.liquid:
  development: 2018-01-19T22:28:21+01:00   2f55a1ccd47a2769806528b9fccc29e7
snippets/icon-vimeo.liquid:
  development: 2018-01-19T22:28:21+01:00   d05774570a73a039e16e6be0411449ab
snippets/icon-visa.liquid:
  development: 2018-01-19T22:28:21+01:00   9098533cd59e385d2672f6d8b7fa4b04
snippets/icon-youtube.liquid:
  development: 2018-01-19T22:28:21+01:00   9d72c5bc3eaa14a3e7aefd921881b1ae
snippets/newsletter-form.liquid:
  development: 2018-01-19T22:28:21+01:00   2c0bcbed83519cd1d10de5170d7bc13b
snippets/oldIE-js.liquid:
  development: 2018-01-19T22:28:21+01:00   ce188e0de642f0eeea51551be62f5ca1
snippets/pagination.liquid:
  development: 2018-01-19T22:28:21+01:00   67b4ab515cd33241ff114240dd2a1234
snippets/product-additional-content.liquid:
  development: 2018-01-19T22:28:21+01:00   7780482b0281d5fc5095898b4f154767
snippets/product-form.liquid:
  development: 2018-01-19T22:28:21+01:00   cec11ef4de271c30e99b4594f440b93f
snippets/product-grid-item.liquid:
  development: 2018-01-19T22:28:21+01:00   cdd1458a5c30b051bff43fd77a75fc74
snippets/product-images.liquid:
  development: 2018-01-23T17:48:06+01:00   3563004c0a69aa371056dc84a8256ea5
snippets/product-template-variables.liquid:
  development: 2018-01-19T22:28:22+01:00   3489d34b65224f0e62d03aecc5be224b
snippets/product-template.liquid:
  development: 2018-01-23T17:48:07+01:00   7cc9ed1b6980755005c1555372222bbc
snippets/qty-selector-template.liquid:
  development: 2018-01-19T22:28:22+01:00   54af2030e560acab345902a597bcc829
snippets/quick-shop-modal.liquid:
  development: 2018-01-19T22:28:22+01:00   7f23145609f867ca9b1933585f7e59e9
snippets/search-bar.liquid:
  development: 2018-01-19T22:28:22+01:00   7de51a396d868fb42041f57006b4fa5b
snippets/seo-title.liquid:
  development: 2018-01-19T22:28:22+01:00   3be3d2cd36fc97adc6b239a55683a3e7
snippets/social-meta-tags.liquid:
  development: 2018-01-23T17:48:07+01:00   4a1ca28a7efa1ea42493810f10c3d2f1
snippets/social-sharing.liquid:
  development: 2018-01-19T22:28:22+01:00   8c1f5571971eec0c710f2128fbfd2c3a
snippets/variant-button.liquid:
  development: 2018-01-19T22:28:22+01:00   a0558eb6ff46962982526c11501b8e9a
snippets/variant-dropdown.liquid:
  development: 2018-01-19T22:28:22+01:00   ff6f928cda360130b996fb752ba93780
snippets/video-modal.liquid:
  development: 2018-01-19T22:28:22+01:00   34a28832ad902392fbf6522beefc6479
templates/404.liquid:
  development: 2018-01-19T22:28:22+01:00   e2b08fff8317c165e3145e4908cc073c
templates/article.liquid:
  development: 2018-01-19T22:28:22+01:00   732a3b3221f92385f2f274b4db69a5eb
templates/blog.liquid:
  development: 2018-01-19T22:28:22+01:00   d83cc3686f59028de70157c3babfbad1
templates/cart.liquid:
  development: 2018-01-19T22:28:22+01:00   35a0502a84d1e6576791d1ba08037516
templates/collection.liquid:
  development: 2018-01-19T22:28:22+01:00   f5828c431b327122f87cad5793058a1d
templates/customers/account.liquid:
  development: 2018-01-19T22:28:22+01:00   10885da6e2b84a0157e5b40fd6cfbbf4
templates/customers/activate_account.liquid:
  development: 2018-01-19T22:28:22+01:00   f77f53c81b1b2f0e158245ce5a6cb5ad
templates/customers/addresses.liquid:
  development: 2018-01-19T22:28:22+01:00   c173e92d0cdfd00b0dae4dd26cded0cb
templates/customers/login.liquid:
  development: 2018-01-19T22:28:22+01:00   cf8cadda6179103b3c3a7894d16a76ce
templates/customers/order.liquid:
  development: 2018-01-19T22:28:22+01:00   73d3afc0d7f32f45cf796352d3a73935
templates/customers/register.liquid:
  development: 2018-01-19T22:28:22+01:00   1d0da0115744c63ab73420fb2a15ac7a
templates/customers/reset_password.liquid:
  development: 2018-01-19T22:28:22+01:00   23ff2ec5646a1e39f3e275cbbd2c84a9
templates/gift_card.liquid:
  development: 2018-01-19T22:28:23+01:00   cbac3e7f86931f4865dbdb5bd14f0bda
templates/index.liquid:
  development: 2018-01-19T22:28:23+01:00   e40537e71c5ab3d0dff590ae34e7bf0c
templates/list-collections.liquid:
  development: 2018-01-19T22:28:23+01:00   8dbd511d19290fd64a261b1232c2751c
templates/page.contact.liquid:
  development: 2018-01-19T22:28:23+01:00   5daa880fc5bf4469d053803baccbfa00
templates/page.full-width.liquid:
  development: 2018-01-19T22:28:23+01:00   f2da4a0067ee4c119bc2c1d54c50ea60
templates/page.liquid:
  development: 2018-01-19T22:28:23+01:00   726d5345e47bdafc8c44f7e7b2dfc0c9
templates/password.liquid:
  development: 2018-01-19T22:28:23+01:00   883f85220833390dd64026974a5136af
templates/product.liquid:
  development: 2018-01-19T22:28:23+01:00   150814ed05cf29274b474d279abfbbfc
templates/search.liquid:
  development: 2018-01-19T22:28:23+01:00   0b838ab480e3a9e39695ab2fd4888f48
